{
  "name": "portfolio-2.0",
  "version": "1.0.0",
  "lockfileVersion": 2,
  "requires": true,
  "packages": {
    "": {
      "name": "portfolio-2.0",
      "version": "1.0.0",
      "license": "ISC",
      "dependencies": {
        "jp-weld": "^0.1.2"
      }
    },
    "node_modules/jp-weld": {
      "version": "0.1.2",
      "resolved": "https://registry.npmjs.org/jp-weld/-/jp-weld-0.1.2.tgz",
      "integrity": "sha512-xxvN3wBNnfq65g4u4Wfa/b2ok0rkFj6IZsAXrCn4hQfo+LJkAsAyOSg0tWlGvJJC6jEyi7roHVYH1igDZyna7w=="
    }
  },
  "dependencies": {
    "jp-weld": {
      "version": "0.1.2",
      "resolved": "https://registry.npmjs.org/jp-weld/-/jp-weld-0.1.2.tgz",
      "integrity": "sha512-xxvN3wBNnfq65g4u4Wfa/b2ok0rkFj6IZsAXrCn4hQfo+LJkAsAyOSg0tWlGvJJC6jEyi7roHVYH1igDZyna7w=="
    }
  }
}
